
Microsoft Visual Studio Solution File, Format Version 12.00
# Visual Studio Version 17
VisualStudioVersion = 17.11.35222.181
MinimumVisualStudioVersion = 10.0.40219.1
Project("{FAE04EC0-301F-11D3-BF4B-00C04F79EFBC}") = "AONWebScraper", "AONWebScraper\AONWebScraper.csproj", "{2C135EC4-1255-474B-BEF6-E42C3BE4495C}"
EndProject
Project("{FAE04EC0-301F-11D3-BF4B-00C04F79EFBC}") = "AONWebScraperTests", "AONWebScraperTests\AONWebScraperTests.csproj", "{0486F7C5-46FA-4DF8-85F1-78B094224197}"
EndProject
Global
	GlobalSection(SolutionConfigurationPlatforms) = preSolution
		Debug|Any CPU = Debug|Any CPU
		Release|Any CPU = Release|Any CPU
	EndGlobalSection
	GlobalSection(ProjectConfigurationPlatforms) = postSolution
		{2C135EC4-1255-474B-BEF6-E42C3BE4495C}.Debug|Any CPU.ActiveCfg = Debug|Any CPU
		{2C135EC4-1255-474B-BEF6-E42C3BE4495C}.Debug|Any CPU.Build.0 = Debug|Any CPU
		{2C135EC4-1255-474B-BEF6-E42C3BE4495C}.Release|Any CPU.ActiveCfg = Release|Any CPU
		{2C135EC4-1255-474B-BEF6-E42C3BE4495C}.Release|Any CPU.Build.0 = Release|Any CPU
		{0486F7C5-46FA-4DF8-85F1-78B094224197}.Debug|Any CPU.ActiveCfg = Debug|Any CPU
		{0486F7C5-46FA-4DF8-85F1-78B094224197}.Debug|Any CPU.Build.0 = Debug|Any CPU
		{0486F7C5-46FA-4DF8-85F1-78B094224197}.Release|Any CPU.ActiveCfg = Release|Any CPU
		{0486F7C5-46FA-4DF8-85F1-78B094224197}.Release|Any CPU.Build.0 = Release|Any CPU
	EndGlobalSection
	GlobalSection(SolutionProperties) = preSolution
		HideSolutionNode = FALSE
	EndGlobalSection
	GlobalSection(ExtensibilityGlobals) = postSolution
		SolutionGuid = {4498971C-9C69-404A-9D88-33A9F7DCED94}
	EndGlobalSection
EndGlobal
